
Microsoft Visual Studio Solution File, Format Version 12.00
Project("{FAE04EC0-301F-11D3-BF4B-00C04F79EFBC}") = "Part1", "Day01\Part1\Part1.csproj", "{0E462CFB-9A1B-49C9-8C3F-C53E19FC8892}"
EndProject
Project("{2150E333-8FDC-42A3-9474-1A3956D46DE8}") = "Day01", "Day01", "{7616FA9F-8905-4C7C-B3B9-1109248C53E4}"
EndProject
Global
	GlobalSection(SolutionConfigurationPlatforms) = preSolution
		Debug|Any CPU = Debug|Any CPU
		Release|Any CPU = Release|Any CPU
	EndGlobalSection
	GlobalSection(ProjectConfigurationPlatforms) = postSolution
		{0E462CFB-9A1B-49C9-8C3F-C53E19FC8892}.Debug|Any CPU.ActiveCfg = Debug|Any CPU
		{0E462CFB-9A1B-49C9-8C3F-C53E19FC8892}.Debug|Any CPU.Build.0 = Debug|Any CPU
		{0E462CFB-9A1B-49C9-8C3F-C53E19FC8892}.Release|Any CPU.ActiveCfg = Release|Any CPU
		{0E462CFB-9A1B-49C9-8C3F-C53E19FC8892}.Release|Any CPU.Build.0 = Release|Any CPU
	EndGlobalSection
	GlobalSection(NestedProjects) = preSolution
		{0E462CFB-9A1B-49C9-8C3F-C53E19FC8892} = {7616FA9F-8905-4C7C-B3B9-1109248C53E4}
	EndGlobalSection
EndGlobal
